
Microsoft Visual Studio Solution File, Format Version 12.00
# Visual Studio Version 16
VisualStudioVersion = 16.0.30907.101
MinimumVisualStudioVersion = 10.0.40219.1
Project("{FAE04EC0-301F-11D3-BF4B-00C04F79EFBC}") = "VoicePhasmo", "VoicePhasmo.csproj", "{A54BF6E3-84A9-4250-AB2C-B38477532C2D}"
EndProject
Global
	GlobalSection(SolutionConfigurationPlatforms) = preSolution
		Debug|Any CPU = Debug|Any CPU
		Release|Any CPU = Release|Any CPU
	EndGlobalSection
	GlobalSection(ProjectConfigurationPlatforms) = postSolution
		{A54BF6E3-84A9-4250-AB2C-B38477532C2D}.Debug|Any CPU.ActiveCfg = Debug|Any CPU
		{A54BF6E3-84A9-4250-AB2C-B38477532C2D}.Debug|Any CPU.Build.0 = Debug|Any CPU
		{A54BF6E3-84A9-4250-AB2C-B38477532C2D}.Release|Any CPU.ActiveCfg = Release|Any CPU
		{A54BF6E3-84A9-4250-AB2C-B38477532C2D}.Release|Any CPU.Build.0 = Release|Any CPU
	EndGlobalSection
	GlobalSection(SolutionProperties) = preSolution
		HideSolutionNode = FALSE
	EndGlobalSection
	GlobalSection(ExtensibilityGlobals) = postSolution
		SolutionGuid = {DB8506B9-19C2-4667-BABA-A883DA25A5AD}
	EndGlobalSection
EndGlobal
